
Microsoft Visual Studio Solution File, Format Version 12.00
# Visual Studio Version 17
VisualStudioVersion = 17.14.36511.14 d17.14
MinimumVisualStudioVersion = 10.0.40219.1
Project("{FAE04EC0-301F-11D3-BF4B-00C04F79EFBC}") = "WebAppApi", "WebAppApi\WebAppApi.csproj", "{3FE85F22-3B42-4CB6-9CA2-889860CCF335}"
EndProject
Global
	GlobalSection(SolutionConfigurationPlatforms) = preSolution
		Debug|Any CPU = Debug|Any CPU
		Release|Any CPU = Release|Any CPU
	EndGlobalSection
	GlobalSection(ProjectConfigurationPlatforms) = postSolution
		{3FE85F22-3B42-4CB6-9CA2-889860CCF335}.Debug|Any CPU.ActiveCfg = Debug|Any CPU
		{3FE85F22-3B42-4CB6-9CA2-889860CCF335}.Debug|Any CPU.Build.0 = Debug|Any CPU
		{3FE85F22-3B42-4CB6-9CA2-889860CCF335}.Release|Any CPU.ActiveCfg = Release|Any CPU
		{3FE85F22-3B42-4CB6-9CA2-889860CCF335}.Release|Any CPU.Build.0 = Release|Any CPU
	EndGlobalSection
	GlobalSection(SolutionProperties) = preSolution
		HideSolutionNode = FALSE
	EndGlobalSection
	GlobalSection(ExtensibilityGlobals) = postSolution
		SolutionGuid = {E208423D-FB4D-42E4-8A89-455F324F9F28}
	EndGlobalSection
EndGlobal
